
Microsoft Visual Studio Solution File, Format Version 12.00
# Visual Studio Version 16
VisualStudioVersion = 16.0.30804.86
MinimumVisualStudioVersion = 10.0.40219.1
Project("{FAE04EC0-301F-11D3-BF4B-00C04F79EFBC}") = "QuickSort", "QuickSort\QuickSort.csproj", "{BBC4E644-7B2A-4913-AC5C-BA18CE715516}"
EndProject
Global
	GlobalSection(SolutionConfigurationPlatforms) = preSolution
		Debug|Any CPU = Debug|Any CPU
		Release|Any CPU = Release|Any CPU
	EndGlobalSection
	GlobalSection(ProjectConfigurationPlatforms) = postSolution
		{BBC4E644-7B2A-4913-AC5C-BA18CE715516}.Debug|Any CPU.ActiveCfg = Debug|Any CPU
		{BBC4E644-7B2A-4913-AC5C-BA18CE715516}.Debug|Any CPU.Build.0 = Debug|Any CPU
		{BBC4E644-7B2A-4913-AC5C-BA18CE715516}.Release|Any CPU.ActiveCfg = Release|Any CPU
		{BBC4E644-7B2A-4913-AC5C-BA18CE715516}.Release|Any CPU.Build.0 = Release|Any CPU
	EndGlobalSection
	GlobalSection(SolutionProperties) = preSolution
		HideSolutionNode = FALSE
	EndGlobalSection
	GlobalSection(ExtensibilityGlobals) = postSolution
		SolutionGuid = {17815590-E3FA-4465-A767-A9CA00A6513F}
	EndGlobalSection
EndGlobal
